
Microsoft Visual Studio Solution File, Format Version 12.00
# Visual Studio 15
VisualStudioVersion = 15.0.27703.2035
MinimumVisualStudioVersion = 10.0.40219.1
Project("{FAE04EC0-301F-11D3-BF4B-00C04F79EFBC}") = "VSMS Framework", "VSMS Framework\VSMS Framework.csproj", "{31F70645-B327-4121-8C88-786DE4E4FB58}"
EndProject
Global
	GlobalSection(SolutionConfigurationPlatforms) = preSolution
		Debug|Any CPU = Debug|Any CPU
		Release|Any CPU = Release|Any CPU
	EndGlobalSection
	GlobalSection(ProjectConfigurationPlatforms) = postSolution
		{31F70645-B327-4121-8C88-786DE4E4FB58}.Debug|Any CPU.ActiveCfg = Debug|Any CPU
		{31F70645-B327-4121-8C88-786DE4E4FB58}.Debug|Any CPU.Build.0 = Debug|Any CPU
		{31F70645-B327-4121-8C88-786DE4E4FB58}.Release|Any CPU.ActiveCfg = Release|Any CPU
		{31F70645-B327-4121-8C88-786DE4E4FB58}.Release|Any CPU.Build.0 = Release|Any CPU
	EndGlobalSection
	GlobalSection(SolutionProperties) = preSolution
		HideSolutionNode = FALSE
	EndGlobalSection
	GlobalSection(ExtensibilityGlobals) = postSolution
		SolutionGuid = {F231B16F-B262-4707-9363-F8A333F34AAE}
	EndGlobalSection
EndGlobal
